
Microsoft Visual Studio Solution File, Format Version 12.00
# Visual Studio Version 17
VisualStudioVersion = 17.5.33502.453
MinimumVisualStudioVersion = 10.0.40219.1
Project("{FAE04EC0-301F-11D3-BF4B-00C04F79EFBC}") = "classname", "classname\classname.csproj", "{2843FDCC-7F65-45BA-A10A-789822720A97}"
EndProject
Global
	GlobalSection(SolutionConfigurationPlatforms) = preSolution
		Debug|Any CPU = Debug|Any CPU
		Release|Any CPU = Release|Any CPU
	EndGlobalSection
	GlobalSection(ProjectConfigurationPlatforms) = postSolution
		{2843FDCC-7F65-45BA-A10A-789822720A97}.Debug|Any CPU.ActiveCfg = Debug|Any CPU
		{2843FDCC-7F65-45BA-A10A-789822720A97}.Debug|Any CPU.Build.0 = Debug|Any CPU
		{2843FDCC-7F65-45BA-A10A-789822720A97}.Release|Any CPU.ActiveCfg = Release|Any CPU
		{2843FDCC-7F65-45BA-A10A-789822720A97}.Release|Any CPU.Build.0 = Release|Any CPU
	EndGlobalSection
	GlobalSection(SolutionProperties) = preSolution
		HideSolutionNode = FALSE
	EndGlobalSection
	GlobalSection(ExtensibilityGlobals) = postSolution
		SolutionGuid = {3E9E6F39-6026-4D2E-9968-B0627CBEDC78}
	EndGlobalSection
EndGlobal
